
Microsoft Visual Studio Solution File, Format Version 10.00
# Visual Studio 2008
Project("{FAE04EC0-301F-11D3-BF4B-00C04F79EFBC}") = "Core", "Core\Core.csproj", "{DDCF1C5C-FF81-4A68-A2E7-8475256E7C13}"
EndProject
Project("{FAE04EC0-301F-11D3-BF4B-00C04F79EFBC}") = "TestConsole", "TestConsole\TestConsole.csproj", "{D7DB07E4-E8F1-49C7-9909-DCAA2FF3BB74}"
EndProject
Project("{FAE04EC0-301F-11D3-BF4B-00C04F79EFBC}") = "Math.Eval", "Math.Eval\Math.Eval.csproj", "{1BED45CB-F685-4468-A6AC-24C6E0A0D4AC}"
EndProject
Project("{FAE04EC0-301F-11D3-BF4B-00C04F79EFBC}") = "D20.Past", "Treasure\D20.Past.csproj", "{4DF3AA1E-E573-4E2D-AED6-96CEC9CB0CCC}"
EndProject
Project("{FAE04EC0-301F-11D3-BF4B-00C04F79EFBC}") = "D20.Past.Test", "D20.Past.Test\D20.Past.Test.csproj", "{3053C7B8-FF09-4AF2-8336-FB8C0FEB4477}"
EndProject
Project("{2150E333-8FDC-42A3-9474-1A3956D46DE8}") = "Solution Items", "Solution Items", "{BC236B61-4D41-4D44-9A70-EF68CB9EB9CD}"
	ProjectSection(SolutionItems) = preProject
		LocalTestRun.testrunconfig = LocalTestRun.testrunconfig
		RPGnet.vsmdi = RPGnet.vsmdi
		RPGnet1.vsmdi = RPGnet1.vsmdi
	EndProjectSection
EndProject
Project("{FAE04EC0-301F-11D3-BF4B-00C04F79EFBC}") = "WindowsBattleConsole", "WindowsBattleConsole\WindowsBattleConsole.csproj", "{53BC7F45-41CF-48B4-9464-313B9EE88C25}"
EndProject
Global
	GlobalSection(SolutionConfigurationPlatforms) = preSolution
		Debug|.NET = Debug|.NET
		Debug|Any CPU = Debug|Any CPU
		Debug|Mixed Platforms = Debug|Mixed Platforms
		Release|.NET = Release|.NET
		Release|Any CPU = Release|Any CPU
		Release|Mixed Platforms = Release|Mixed Platforms
	EndGlobalSection
	GlobalSection(ProjectConfigurationPlatforms) = postSolution
		{DDCF1C5C-FF81-4A68-A2E7-8475256E7C13}.Debug|.NET.ActiveCfg = Debug|Any CPU
		{DDCF1C5C-FF81-4A68-A2E7-8475256E7C13}.Debug|Any CPU.ActiveCfg = Debug|Any CPU
		{DDCF1C5C-FF81-4A68-A2E7-8475256E7C13}.Debug|Any CPU.Build.0 = Debug|Any CPU
		{DDCF1C5C-FF81-4A68-A2E7-8475256E7C13}.Debug|Mixed Platforms.ActiveCfg = Debug|Any CPU
		{DDCF1C5C-FF81-4A68-A2E7-8475256E7C13}.Release|.NET.ActiveCfg = Release|Any CPU
		{DDCF1C5C-FF81-4A68-A2E7-8475256E7C13}.Release|Any CPU.ActiveCfg = Release|Any CPU
		{DDCF1C5C-FF81-4A68-A2E7-8475256E7C13}.Release|Mixed Platforms.ActiveCfg = Release|Any CPU
		{D7DB07E4-E8F1-49C7-9909-DCAA2FF3BB74}.Debug|.NET.ActiveCfg = Debug|Any CPU
		{D7DB07E4-E8F1-49C7-9909-DCAA2FF3BB74}.Debug|Any CPU.ActiveCfg = Debug|Any CPU
		{D7DB07E4-E8F1-49C7-9909-DCAA2FF3BB74}.Debug|Mixed Platforms.ActiveCfg = Debug|Any CPU
		{D7DB07E4-E8F1-49C7-9909-DCAA2FF3BB74}.Release|.NET.ActiveCfg = Release|Any CPU
		{D7DB07E4-E8F1-49C7-9909-DCAA2FF3BB74}.Release|Any CPU.ActiveCfg = Release|Any CPU
		{D7DB07E4-E8F1-49C7-9909-DCAA2FF3BB74}.Release|Mixed Platforms.ActiveCfg = Release|Any CPU
		{1BED45CB-F685-4468-A6AC-24C6E0A0D4AC}.Debug|.NET.ActiveCfg = Debug|Any CPU
		{1BED45CB-F685-4468-A6AC-24C6E0A0D4AC}.Debug|Any CPU.ActiveCfg = Debug|Any CPU
		{1BED45CB-F685-4468-A6AC-24C6E0A0D4AC}.Debug|Mixed Platforms.ActiveCfg = Debug|Any CPU
		{1BED45CB-F685-4468-A6AC-24C6E0A0D4AC}.Release|.NET.ActiveCfg = Release|Any CPU
		{1BED45CB-F685-4468-A6AC-24C6E0A0D4AC}.Release|Any CPU.ActiveCfg = Release|Any CPU
		{1BED45CB-F685-4468-A6AC-24C6E0A0D4AC}.Release|Mixed Platforms.ActiveCfg = Release|Any CPU
		{4DF3AA1E-E573-4E2D-AED6-96CEC9CB0CCC}.Debug|.NET.ActiveCfg = Debug|Any CPU
		{4DF3AA1E-E573-4E2D-AED6-96CEC9CB0CCC}.Debug|Any CPU.ActiveCfg = Debug|Any CPU
		{4DF3AA1E-E573-4E2D-AED6-96CEC9CB0CCC}.Debug|Any CPU.Build.0 = Debug|Any CPU
		{4DF3AA1E-E573-4E2D-AED6-96CEC9CB0CCC}.Debug|Mixed Platforms.ActiveCfg = Debug|Any CPU
		{4DF3AA1E-E573-4E2D-AED6-96CEC9CB0CCC}.Release|.NET.ActiveCfg = Release|Any CPU
		{4DF3AA1E-E573-4E2D-AED6-96CEC9CB0CCC}.Release|Any CPU.ActiveCfg = Release|Any CPU
		{4DF3AA1E-E573-4E2D-AED6-96CEC9CB0CCC}.Release|Mixed Platforms.ActiveCfg = Release|Any CPU
		{3053C7B8-FF09-4AF2-8336-FB8C0FEB4477}.Debug|.NET.ActiveCfg = Debug|Any CPU
		{3053C7B8-FF09-4AF2-8336-FB8C0FEB4477}.Debug|Any CPU.ActiveCfg = Debug|Any CPU
		{3053C7B8-FF09-4AF2-8336-FB8C0FEB4477}.Debug|Any CPU.Build.0 = Debug|Any CPU
		{3053C7B8-FF09-4AF2-8336-FB8C0FEB4477}.Debug|Mixed Platforms.ActiveCfg = Debug|Any CPU
		{3053C7B8-FF09-4AF2-8336-FB8C0FEB4477}.Release|.NET.ActiveCfg = Release|Any CPU
		{3053C7B8-FF09-4AF2-8336-FB8C0FEB4477}.Release|Any CPU.ActiveCfg = Release|Any CPU
		{3053C7B8-FF09-4AF2-8336-FB8C0FEB4477}.Release|Mixed Platforms.ActiveCfg = Release|Any CPU
		{53BC7F45-41CF-48B4-9464-313B9EE88C25}.Debug|.NET.ActiveCfg = Debug|Any CPU
		{53BC7F45-41CF-48B4-9464-313B9EE88C25}.Debug|Any CPU.ActiveCfg = Debug|Any CPU
		{53BC7F45-41CF-48B4-9464-313B9EE88C25}.Debug|Any CPU.Build.0 = Debug|Any CPU
		{53BC7F45-41CF-48B4-9464-313B9EE88C25}.Debug|Mixed Platforms.ActiveCfg = Debug|Any CPU
		{53BC7F45-41CF-48B4-9464-313B9EE88C25}.Release|.NET.ActiveCfg = Release|Any CPU
		{53BC7F45-41CF-48B4-9464-313B9EE88C25}.Release|Any CPU.ActiveCfg = Release|Any CPU
		{53BC7F45-41CF-48B4-9464-313B9EE88C25}.Release|Mixed Platforms.ActiveCfg = Release|Any CPU
	EndGlobalSection
	GlobalSection(SolutionProperties) = preSolution
		HideSolutionNode = FALSE
	EndGlobalSection
EndGlobal
