Microsoft Visual Studio Solution File, Format Version 7.00
Project("{FAE04EC0-301F-11D3-BF4B-00C04F79EFBC}") = "Evaluator", "Evaluator.csproj", "{F661B646-311C-4E74-A35F-C5D4B48E0FBC}"
EndProject
Global
	GlobalSection(SolutionConfiguration) = preSolution
		ConfigName.0 = Debug
		ConfigName.1 = Release
	EndGlobalSection
	GlobalSection(ProjectDependencies) = postSolution
	EndGlobalSection
	GlobalSection(ProjectConfiguration) = postSolution
		{F661B646-311C-4E74-A35F-C5D4B48E0FBC}.Debug.ActiveCfg = Debug|.NET
		{F661B646-311C-4E74-A35F-C5D4B48E0FBC}.Debug.Build.0 = Debug|.NET
		{F661B646-311C-4E74-A35F-C5D4B48E0FBC}.Release.ActiveCfg = Release|.NET
		{F661B646-311C-4E74-A35F-C5D4B48E0FBC}.Release.Build.0 = Release|.NET
	EndGlobalSection
	GlobalSection(ExtensibilityGlobals) = postSolution
	EndGlobalSection
	GlobalSection(ExtensibilityAddIns) = postSolution
	EndGlobalSection
EndGlobal
